
Microsoft Visual Studio Solution File, Format Version 12.00
Project("{FAE04EC0-301F-11D3-BF4B-00C04F79EFBC}") = "Assignment1_7", "Assignment1_7\Assignment1_7.csproj", "{A16F0486-0A0C-4DAF-932B-4C5BE1985041}"
EndProject
Global
	GlobalSection(SolutionConfigurationPlatforms) = preSolution
		Debug|Any CPU = Debug|Any CPU
		Release|Any CPU = Release|Any CPU
	EndGlobalSection
	GlobalSection(ProjectConfigurationPlatforms) = postSolution
		{A16F0486-0A0C-4DAF-932B-4C5BE1985041}.Debug|Any CPU.ActiveCfg = Debug|Any CPU
		{A16F0486-0A0C-4DAF-932B-4C5BE1985041}.Debug|Any CPU.Build.0 = Debug|Any CPU
		{A16F0486-0A0C-4DAF-932B-4C5BE1985041}.Release|Any CPU.ActiveCfg = Release|Any CPU
		{A16F0486-0A0C-4DAF-932B-4C5BE1985041}.Release|Any CPU.Build.0 = Release|Any CPU
	EndGlobalSection
EndGlobal
